
Microsoft Visual Studio Solution File, Format Version 12.00
# Visual Studio 15
VisualStudioVersion = 15.0.27004.2009
MinimumVisualStudioVersion = 10.0.40219.1
Project("{FAE04EC0-301F-11D3-BF4B-00C04F79EFBC}") = "Expression Tree", "Expression Tree\Expression Tree.csproj", "{F6CE2049-F317-41B4-AE94-5C8AD1D9B563}"
EndProject
Project("{FAE04EC0-301F-11D3-BF4B-00C04F79EFBC}") = "UnitTests", "UnitTests\UnitTests.csproj", "{281EB815-51A7-4F2E-B695-35CC7D38941D}"
EndProject
Global
	GlobalSection(SolutionConfigurationPlatforms) = preSolution
		Debug|Any CPU = Debug|Any CPU
		Release|Any CPU = Release|Any CPU
	EndGlobalSection
	GlobalSection(ProjectConfigurationPlatforms) = postSolution
		{F6CE2049-F317-41B4-AE94-5C8AD1D9B563}.Debug|Any CPU.ActiveCfg = Debug|Any CPU
		{F6CE2049-F317-41B4-AE94-5C8AD1D9B563}.Debug|Any CPU.Build.0 = Debug|Any CPU
		{F6CE2049-F317-41B4-AE94-5C8AD1D9B563}.Release|Any CPU.ActiveCfg = Release|Any CPU
		{F6CE2049-F317-41B4-AE94-5C8AD1D9B563}.Release|Any CPU.Build.0 = Release|Any CPU
		{281EB815-51A7-4F2E-B695-35CC7D38941D}.Debug|Any CPU.ActiveCfg = Debug|Any CPU
		{281EB815-51A7-4F2E-B695-35CC7D38941D}.Debug|Any CPU.Build.0 = Debug|Any CPU
		{281EB815-51A7-4F2E-B695-35CC7D38941D}.Release|Any CPU.ActiveCfg = Release|Any CPU
		{281EB815-51A7-4F2E-B695-35CC7D38941D}.Release|Any CPU.Build.0 = Release|Any CPU
	EndGlobalSection
	GlobalSection(SolutionProperties) = preSolution
		HideSolutionNode = FALSE
	EndGlobalSection
	GlobalSection(ExtensibilityGlobals) = postSolution
		SolutionGuid = {914E1A82-21A8-4CD5-ADDF-DC74AB11A2AD}
	EndGlobalSection
EndGlobal
